// !$*UTF8*$!
{
	archiveVersion = 1;
	classes = {
	};
	objectVersion = 46;
	objects = {

/* Begin PBXBuildFile section */
		FA12728415ED2F89006E98D5 /* UIKit.framework in Frameworks */ = {isa = PBXBuildFile; fileRef = FA12728315ED2F89006E98D5 /* UIKit.framework */; };
		FA12728615ED2F89006E98D5 /* Foundation.framework in Frameworks */ = {isa = PBXBuildFile; fileRef = FA12728515ED2F89006E98D5 /* Foundation.framework */; };
		FA12728815ED2F8A006E98D5 /* CoreGraphics.framework in Frameworks */ = {isa = PBXBuildFile; fileRef = FA12728715ED2F8A006E98D5 /* CoreGraphics.framework */; };
		FA12728E15ED2F8A006E98D5 /* InfoPlist.strings in Resources */ = {isa = PBXBuildFile; fileRef = FA12728C15ED2F8A006E98D5 /* InfoPlist.strings */; };
		FA12729015ED2F8A006E98D5 /* main.m in Sources */ = {isa = PBXBuildFile; fileRef = FA12728F15ED2F8A006E98D5 /* main.m */; settings = {COMPILER_FLAGS = "-fno-objc-arc"; }; };
		FA12729415ED2F8A006E98D5 /* iTCAppDelegate.m in Sources */ = {isa = PBXBuildFile; fileRef = FA12729315ED2F8A006E98D5 /* iTCAppDelegate.m */; settings = {COMPILER_FLAGS = "-fno-objc-arc"; }; };
		FA12729715ED2F8A006E98D5 /* iTCMasterViewController.m in Sources */ = {isa = PBXBuildFile; fileRef = FA12729615ED2F8A006E98D5 /* iTCMasterViewController.m */; settings = {COMPILER_FLAGS = "-fno-objc-arc"; }; };
		FA12729A15ED2F8A006E98D5 /* iTCDetailViewController.m in Sources */ = {isa = PBXBuildFile; fileRef = FA12729915ED2F8A006E98D5 /* iTCDetailViewController.m */; settings = {COMPILER_FLAGS = "-fno-objc-arc"; }; };
		FA12729D15ED2F8A006E98D5 /* iTCMasterViewController.xib in Resources */ = {isa = PBXBuildFile; fileRef = FA12729B15ED2F8A006E98D5 /* iTCMasterViewController.xib */; };
		FA1272A015ED2F8A006E98D5 /* iTCDetailViewController.xib in Resources */ = {isa = PBXBuildFile; fileRef = FA12729E15ED2F8A006E98D5 /* iTCDetailViewController.xib */; };
		FA1272AA15ED3030006E98D5 /* iTCHomeVC.m in Sources */ = {isa = PBXBuildFile; fileRef = FA1272A815ED3030006E98D5 /* iTCHomeVC.m */; settings = {COMPILER_FLAGS = "-fno-objc-arc"; }; };
		FA1272AB15ED3030006E98D5 /* iTCHomeVC.xib in Resources */ = {isa = PBXBuildFile; fileRef = FA1272A915ED3030006E98D5 /* iTCHomeVC.xib */; };
		FA1272AD15ED3132006E98D5 /* MainBG.png in Resources */ = {isa = PBXBuildFile; fileRef = FA1272AC15ED3132006E98D5 /* MainBG.png */; };
		FA1272AF15ED31CC006E98D5 /* Default.png in Resources */ = {isa = PBXBuildFile; fileRef = FA1272AE15ED31CC006E98D5 /* Default.png */; };
		FA1272B315ED337F006E98D5 /* iTCGetStared.m in Sources */ = {isa = PBXBuildFile; fileRef = FA1272B115ED337F006E98D5 /* iTCGetStared.m */; settings = {COMPILER_FLAGS = "-fno-objc-arc"; }; };
		FA1272B415ED337F006E98D5 /* iTCGetStared.xib in Resources */ = {isa = PBXBuildFile; fileRef = FA1272B215ED337F006E98D5 /* iTCGetStared.xib */; };
		FA1272B915ED34FC006E98D5 /* iTCsearchVC.m in Sources */ = {isa = PBXBuildFile; fileRef = FA1272B715ED34FC006E98D5 /* iTCsearchVC.m */; settings = {COMPILER_FLAGS = "-fno-objc-arc"; }; };
		FA1272BA15ED34FC006E98D5 /* iTCsearchVC.xib in Resources */ = {isa = PBXBuildFile; fileRef = FA1272B815ED34FC006E98D5 /* iTCsearchVC.xib */; };
		FA1272BE15ED3A90006E98D5 /* str.png in Resources */ = {isa = PBXBuildFile; fileRef = FA1272BD15ED3A90006E98D5 /* str.png */; };
		FA1272C215ED3C03006E98D5 /* iTCDetailView.m in Sources */ = {isa = PBXBuildFile; fileRef = FA1272C015ED3C03006E98D5 /* iTCDetailView.m */; settings = {COMPILER_FLAGS = "-fno-objc-arc"; }; };
		FA1272C315ED3C03006E98D5 /* iTCDetailView.xib in Resources */ = {isa = PBXBuildFile; fileRef = FA1272C115ED3C03006E98D5 /* iTCDetailView.xib */; };
		FA1272C515ED3E26006E98D5 /* sample.png in Resources */ = {isa = PBXBuildFile; fileRef = FA1272C415ED3E26006E98D5 /* sample.png */; };
		FA1272C715ED3E6B006E98D5 /* detailCustomCell.xib in Resources */ = {isa = PBXBuildFile; fileRef = FA1272C615ED3E6B006E98D5 /* detailCustomCell.xib */; };
		FA1272CC15ED431B006E98D5 /* iTCARView.m in Sources */ = {isa = PBXBuildFile; fileRef = FA1272CA15ED431B006E98D5 /* iTCARView.m */; settings = {COMPILER_FLAGS = "-fno-objc-arc"; }; };
		FA1272CD15ED431B006E98D5 /* iTCARView.xib in Resources */ = {isa = PBXBuildFile; fileRef = FA1272CB15ED431B006E98D5 /* iTCARView.xib */; };
		FA1272D115ED43FB006E98D5 /* iTCUploadView.m in Sources */ = {isa = PBXBuildFile; fileRef = FA1272CF15ED43FB006E98D5 /* iTCUploadView.m */; settings = {COMPILER_FLAGS = "-fno-objc-arc"; }; };
		FA1272D215ED43FB006E98D5 /* iTCUploadView.xib in Resources */ = {isa = PBXBuildFile; fileRef = FA1272D015ED43FB006E98D5 /* iTCUploadView.xib */; };
		FA86A9EE15EEA98300F4B55B /* MessageUI.framework in Frameworks */ = {isa = PBXBuildFile; fileRef = FA86A9ED15EEA98300F4B55B /* MessageUI.framework */; };
/* End PBXBuildFile section */

/* Begin PBXFileReference section */
		FA12727F15ED2F89006E98D5 /* FingAR.app */ = {isa = PBXFileReference; explicitFileType = wrapper.application; includeInIndex = 0; path = FingAR.app; sourceTree = BUILT_PRODUCTS_DIR; };
		FA12728315ED2F89006E98D5 /* UIKit.framework */ = {isa = PBXFileReference; lastKnownFileType = wrapper.framework; name = UIKit.framework; path = System/Library/Frameworks/UIKit.framework; sourceTree = SDKROOT; };
		FA12728515ED2F89006E98D5 /* Foundation.framework */ = {isa = PBXFileReference; lastKnownFileType = wrapper.framework; name = Foundation.framework; path = System/Library/Frameworks/Foundation.framework; sourceTree = SDKROOT; };
		FA12728715ED2F8A006E98D5 /* CoreGraphics.framework */ = {isa = PBXFileReference; lastKnownFileType = wrapper.framework; name = CoreGraphics.framework; path = System/Library/Frameworks/CoreGraphics.framework; sourceTree = SDKROOT; };
		FA12728B15ED2F8A006E98D5 /* FingAR-Info.plist */ = {isa = PBXFileReference; lastKnownFileType = text.plist.xml; path = "FingAR-Info.plist"; sourceTree = "<group>"; };
		FA12728D15ED2F8A006E98D5 /* en */ = {isa = PBXFileReference; lastKnownFileType = text.plist.strings; name = en; path = en.lproj/InfoPlist.strings; sourceTree = "<group>"; };
		FA12728F15ED2F8A006E98D5 /* main.m */ = {isa = PBXFileReference; lastKnownFileType = sourcecode.c.objc; path = main.m; sourceTree = "<group>"; };
		FA12729115ED2F8A006E98D5 /* FingAR-Prefix.pch */ = {isa = PBXFileReference; lastKnownFileType = sourcecode.c.h; path = "FingAR-Prefix.pch"; sourceTree = "<group>"; };
		FA12729215ED2F8A006E98D5 /* iTCAppDelegate.h */ = {isa = PBXFileReference; lastKnownFileType = sourcecode.c.h; path = iTCAppDelegate.h; sourceTree = "<group>"; };
		FA12729315ED2F8A006E98D5 /* iTCAppDelegate.m */ = {isa = PBXFileReference; lastKnownFileType = sourcecode.c.objc; path = iTCAppDelegate.m; sourceTree = "<group>"; };
		FA12729515ED2F8A006E98D5 /* iTCMasterViewController.h */ = {isa = PBXFileReference; lastKnownFileType = sourcecode.c.h; path = iTCMasterViewController.h; sourceTree = "<group>"; };
		FA12729615ED2F8A006E98D5 /* iTCMasterViewController.m */ = {isa = PBXFileReference; lastKnownFileType = sourcecode.c.objc; path = iTCMasterViewController.m; sourceTree = "<group>"; };
		FA12729815ED2F8A006E98D5 /* iTCDetailViewController.h */ = {isa = PBXFileReference; lastKnownFileType = sourcecode.c.h; path = iTCDetailViewController.h; sourceTree = "<group>"; };
		FA12729915ED2F8A006E98D5 /* iTCDetailViewController.m */ = {isa = PBXFileReference; lastKnownFileType = sourcecode.c.objc; path = iTCDetailViewController.m; sourceTree = "<group>"; };
		FA12729C15ED2F8A006E98D5 /* en */ = {isa = PBXFileReference; lastKnownFileType = file.xib; name = en; path = en.lproj/iTCMasterViewController.xib; sourceTree = "<group>"; };
		FA12729F15ED2F8A006E98D5 /* en */ = {isa = PBXFileReference; lastKnownFileType = file.xib; name = en; path = en.lproj/iTCDetailViewController.xib; sourceTree = "<group>"; };
		FA1272A715ED3030006E98D5 /* iTCHomeVC.h */ = {isa = PBXFileReference; fileEncoding = 4; lastKnownFileType = sourcecode.c.h; name = iTCHomeVC.h; path = HomeVC/iTCHomeVC.h; sourceTree = "<group>"; };
		FA1272A815ED3030006E98D5 /* iTCHomeVC.m */ = {isa = PBXFileReference; fileEncoding = 4; lastKnownFileType = sourcecode.c.objc; name = iTCHomeVC.m; path = HomeVC/iTCHomeVC.m; sourceTree = "<group>"; };
		FA1272A915ED3030006E98D5 /* iTCHomeVC.xib */ = {isa = PBXFileReference; fileEncoding = 4; lastKnownFileType = file.xib; name = iTCHomeVC.xib; path = HomeVC/iTCHomeVC.xib; sourceTree = "<group>"; };
		FA1272AC15ED3132006E98D5 /* MainBG.png */ = {isa = PBXFileReference; lastKnownFileType = image.png; path = MainBG.png; sourceTree = "<group>"; };
		FA1272AE15ED31CC006E98D5 /* Default.png */ = {isa = PBXFileReference; lastKnownFileType = image.png; path = Default.png; sourceTree = "<group>"; };
		FA1272B015ED337F006E98D5 /* iTCGetStared.h */ = {isa = PBXFileReference; fileEncoding = 4; lastKnownFileType = sourcecode.c.h; name = iTCGetStared.h; path = HomeVC/iTCGetStared.h; sourceTree = "<group>"; };
		FA1272B115ED337F006E98D5 /* iTCGetStared.m */ = {isa = PBXFileReference; fileEncoding = 4; lastKnownFileType = sourcecode.c.objc; name = iTCGetStared.m; path = HomeVC/iTCGetStared.m; sourceTree = "<group>"; };
		FA1272B215ED337F006E98D5 /* iTCGetStared.xib */ = {isa = PBXFileReference; fileEncoding = 4; lastKnownFileType = file.xib; name = iTCGetStared.xib; path = HomeVC/iTCGetStared.xib; sourceTree = "<group>"; };
		FA1272B615ED34FC006E98D5 /* iTCsearchVC.h */ = {isa = PBXFileReference; fileEncoding = 4; lastKnownFileType = sourcecode.c.h; name = iTCsearchVC.h; path = SearchVC/iTCsearchVC.h; sourceTree = "<group>"; };
		FA1272B715ED34FC006E98D5 /* iTCsearchVC.m */ = {isa = PBXFileReference; fileEncoding = 4; lastKnownFileType = sourcecode.c.objc; name = iTCsearchVC.m; path = SearchVC/iTCsearchVC.m; sourceTree = "<group>"; };
		FA1272B815ED34FC006E98D5 /* iTCsearchVC.xib */ = {isa = PBXFileReference; fileEncoding = 4; lastKnownFileType = file.xib; name = iTCsearchVC.xib; path = SearchVC/iTCsearchVC.xib; sourceTree = "<group>"; };
		FA1272BD15ED3A90006E98D5 /* str.png */ = {isa = PBXFileReference; lastKnownFileType = image.png; path = str.png; sourceTree = "<group>"; };
		FA1272BF15ED3C03006E98D5 /* iTCDetailView.h */ = {isa = PBXFileReference; fileEncoding = 4; lastKnownFileType = sourcecode.c.h; name = iTCDetailView.h; path = SearchVC/iTCDetailView.h; sourceTree = "<group>"; };
		FA1272C015ED3C03006E98D5 /* iTCDetailView.m */ = {isa = PBXFileReference; fileEncoding = 4; lastKnownFileType = sourcecode.c.objc; name = iTCDetailView.m; path = SearchVC/iTCDetailView.m; sourceTree = "<group>"; };
		FA1272C115ED3C03006E98D5 /* iTCDetailView.xib */ = {isa = PBXFileReference; fileEncoding = 4; lastKnownFileType = file.xib; name = iTCDetailView.xib; path = SearchVC/iTCDetailView.xib; sourceTree = "<group>"; };
		FA1272C415ED3E26006E98D5 /* sample.png */ = {isa = PBXFileReference; lastKnownFileType = image.png; path = sample.png; sourceTree = "<group>"; };
		FA1272C615ED3E6B006E98D5 /* detailCustomCell.xib */ = {isa = PBXFileReference; fileEncoding = 4; lastKnownFileType = file.xib; path = detailCustomCell.xib; sourceTree = "<group>"; };
		FA1272C915ED431B006E98D5 /* iTCARView.h */ = {isa = PBXFileReference; fileEncoding = 4; lastKnownFileType = sourcecode.c.h; name = iTCARView.h; path = ARView/iTCARView.h; sourceTree = "<group>"; };
		FA1272CA15ED431B006E98D5 /* iTCARView.m */ = {isa = PBXFileReference; fileEncoding = 4; lastKnownFileType = sourcecode.c.objc; name = iTCARView.m; path = ARView/iTCARView.m; sourceTree = "<group>"; };
		FA1272CB15ED431B006E98D5 /* iTCARView.xib */ = {isa = PBXFileReference; fileEncoding = 4; lastKnownFileType = file.xib; name = iTCARView.xib; path = ARView/iTCARView.xib; sourceTree = "<group>"; };
		FA1272CE15ED43FB006E98D5 /* iTCUploadView.h */ = {isa = PBXFileReference; fileEncoding = 4; lastKnownFileType = sourcecode.c.h; path = iTCUploadView.h; sourceTree = "<group>"; };
		FA1272CF15ED43FB006E98D5 /* iTCUploadView.m */ = {isa = PBXFileReference; fileEncoding = 4; lastKnownFileType = sourcecode.c.objc; path = iTCUploadView.m; sourceTree = "<group>"; };
		FA1272D015ED43FB006E98D5 /* iTCUploadView.xib */ = {isa = PBXFileReference; fileEncoding = 4; lastKnownFileType = file.xib; path = iTCUploadView.xib; sourceTree = "<group>"; };
		FA86A9ED15EEA98300F4B55B /* MessageUI.framework */ = {isa = PBXFileReference; lastKnownFileType = wrapper.framework; name = MessageUI.framework; path = System/Library/Frameworks/MessageUI.framework; sourceTree = SDKROOT; };
/* End PBXFileReference section */

/* Begin PBXFrameworksBuildPhase section */
		FA12727C15ED2F89006E98D5 /* Frameworks */ = {
			isa = PBXFrameworksBuildPhase;
			buildActionMask = 2147483647;
			files = (
				FA86A9EE15EEA98300F4B55B /* MessageUI.framework in Frameworks */,
				FA12728415ED2F89006E98D5 /* UIKit.framework in Frameworks */,
				FA12728615ED2F89006E98D5 /* Foundation.framework in Frameworks */,
				FA12728815ED2F8A006E98D5 /* CoreGraphics.framework in Frameworks */,
			);
			runOnlyForDeploymentPostprocessing = 0;
		};
/* End PBXFrameworksBuildPhase section */

/* Begin PBXGroup section */
		FA12727415ED2F89006E98D5 = {
			isa = PBXGroup;
			children = (
				FA86A9ED15EEA98300F4B55B /* MessageUI.framework */,
				FA1272C815ED42F9006E98D5 /* ARView */,
				FA1272C415ED3E26006E98D5 /* sample.png */,
				FA1272BD15ED3A90006E98D5 /* str.png */,
				FA1272B515ED34CC006E98D5 /* SearchVC */,
				FA1272AE15ED31CC006E98D5 /* Default.png */,
				FA1272AC15ED3132006E98D5 /* MainBG.png */,
				FA1272A615ED2FF4006E98D5 /* HOMEVC */,
				FA12728915ED2F8A006E98D5 /* FingAR */,
				FA12728215ED2F89006E98D5 /* Frameworks */,
				FA12728015ED2F89006E98D5 /* Products */,
			);
			sourceTree = "<group>";
		};
		FA12728015ED2F89006E98D5 /* Products */ = {
			isa = PBXGroup;
			children = (
				FA12727F15ED2F89006E98D5 /* FingAR.app */,
			);
			name = Products;
			sourceTree = "<group>";
		};
		FA12728215ED2F89006E98D5 /* Frameworks */ = {
			isa = PBXGroup;
			children = (
				FA12728315ED2F89006E98D5 /* UIKit.framework */,
				FA12728515ED2F89006E98D5 /* Foundation.framework */,
				FA12728715ED2F8A006E98D5 /* CoreGraphics.framework */,
			);
			name = Frameworks;
			sourceTree = "<group>";
		};
		FA12728915ED2F8A006E98D5 /* FingAR */ = {
			isa = PBXGroup;
			children = (
				FA12729215ED2F8A006E98D5 /* iTCAppDelegate.h */,
				FA12729315ED2F8A006E98D5 /* iTCAppDelegate.m */,
				FA12729515ED2F8A006E98D5 /* iTCMasterViewController.h */,
				FA12729615ED2F8A006E98D5 /* iTCMasterViewController.m */,
				FA12729815ED2F8A006E98D5 /* iTCDetailViewController.h */,
				FA12729915ED2F8A006E98D5 /* iTCDetailViewController.m */,
				FA12729B15ED2F8A006E98D5 /* iTCMasterViewController.xib */,
				FA12729E15ED2F8A006E98D5 /* iTCDetailViewController.xib */,
				FA12728A15ED2F8A006E98D5 /* Supporting Files */,
			);
			path = FingAR;
			sourceTree = "<group>";
		};
		FA12728A15ED2F8A006E98D5 /* Supporting Files */ = {
			isa = PBXGroup;
			children = (
				FA12728B15ED2F8A006E98D5 /* FingAR-Info.plist */,
				FA12728C15ED2F8A006E98D5 /* InfoPlist.strings */,
				FA12728F15ED2F8A006E98D5 /* main.m */,
				FA12729115ED2F8A006E98D5 /* FingAR-Prefix.pch */,
			);
			name = "Supporting Files";
			sourceTree = "<group>";
		};
		FA1272A615ED2FF4006E98D5 /* HOMEVC */ = {
			isa = PBXGroup;
			children = (
				FA1272A715ED3030006E98D5 /* iTCHomeVC.h */,
				FA1272A815ED3030006E98D5 /* iTCHomeVC.m */,
				FA1272A915ED3030006E98D5 /* iTCHomeVC.xib */,
				FA1272B015ED337F006E98D5 /* iTCGetStared.h */,
				FA1272B115ED337F006E98D5 /* iTCGetStared.m */,
				FA1272B215ED337F006E98D5 /* iTCGetStared.xib */,
			);
			name = HOMEVC;
			sourceTree = "<group>";
		};
		FA1272B515ED34CC006E98D5 /* SearchVC */ = {
			isa = PBXGroup;
			children = (
				FA1272B615ED34FC006E98D5 /* iTCsearchVC.h */,
				FA1272B715ED34FC006E98D5 /* iTCsearchVC.m */,
				FA1272B815ED34FC006E98D5 /* iTCsearchVC.xib */,
				FA1272BF15ED3C03006E98D5 /* iTCDetailView.h */,
				FA1272C015ED3C03006E98D5 /* iTCDetailView.m */,
				FA1272C115ED3C03006E98D5 /* iTCDetailView.xib */,
				FA1272C615ED3E6B006E98D5 /* detailCustomCell.xib */,
			);
			name = SearchVC;
			sourceTree = "<group>";
		};
		FA1272C815ED42F9006E98D5 /* ARView */ = {
			isa = PBXGroup;
			children = (
				FA1272C915ED431B006E98D5 /* iTCARView.h */,
				FA1272CA15ED431B006E98D5 /* iTCARView.m */,
				FA1272CB15ED431B006E98D5 /* iTCARView.xib */,
				FA1272CE15ED43FB006E98D5 /* iTCUploadView.h */,
				FA1272CF15ED43FB006E98D5 /* iTCUploadView.m */,
				FA1272D015ED43FB006E98D5 /* iTCUploadView.xib */,
			);
			name = ARView;
			sourceTree = "<group>";
		};
/* End PBXGroup section */

/* Begin PBXNativeTarget section */
		FA12727E15ED2F89006E98D5 /* FingAR */ = {
			isa = PBXNativeTarget;
			buildConfigurationList = FA1272A315ED2F8A006E98D5 /* Build configuration list for PBXNativeTarget "FingAR" */;
			buildPhases = (
				FA12727B15ED2F89006E98D5 /* Sources */,
				FA12727C15ED2F89006E98D5 /* Frameworks */,
				FA12727D15ED2F89006E98D5 /* Resources */,
			);
			buildRules = (
			);
			dependencies = (
			);
			name = FingAR;
			productName = FingAR;
			productReference = FA12727F15ED2F89006E98D5 /* FingAR.app */;
			productType = "com.apple.product-type.application";
		};
/* End PBXNativeTarget section */

/* Begin PBXProject section */
		FA12727615ED2F89006E98D5 /* Project object */ = {
			isa = PBXProject;
			attributes = {
				CLASSPREFIX = iTC;
				LastUpgradeCheck = 0430;
				ORGANIZATIONNAME = "ronak@itechcoders.com";
			};
			buildConfigurationList = FA12727915ED2F89006E98D5 /* Build configuration list for PBXProject "FingAR" */;
			compatibilityVersion = "Xcode 3.2";
			developmentRegion = English;
			hasScannedForEncodings = 0;
			knownRegions = (
				en,
				de,
			);
			mainGroup = FA12727415ED2F89006E98D5;
			productRefGroup = FA12728015ED2F89006E98D5 /* Products */;
			projectDirPath = "";
			projectRoot = "";
			targets = (
				FA12727E15ED2F89006E98D5 /* FingAR */,
			);
		};
/* End PBXProject section */

/* Begin PBXResourcesBuildPhase section */
		FA12727D15ED2F89006E98D5 /* Resources */ = {
			isa = PBXResourcesBuildPhase;
			buildActionMask = 2147483647;
			files = (
				FA12728E15ED2F8A006E98D5 /* InfoPlist.strings in Resources */,
				FA12729D15ED2F8A006E98D5 /* iTCMasterViewController.xib in Resources */,
				FA1272A015ED2F8A006E98D5 /* iTCDetailViewController.xib in Resources */,
				FA1272AB15ED3030006E98D5 /* iTCHomeVC.xib in Resources */,
				FA1272AD15ED3132006E98D5 /* MainBG.png in Resources */,
				FA1272AF15ED31CC006E98D5 /* Default.png in Resources */,
				FA1272B415ED337F006E98D5 /* iTCGetStared.xib in Resources */,
				FA1272BA15ED34FC006E98D5 /* iTCsearchVC.xib in Resources */,
				FA1272BE15ED3A90006E98D5 /* str.png in Resources */,
				FA1272C315ED3C03006E98D5 /* iTCDetailView.xib in Resources */,
				FA1272C515ED3E26006E98D5 /* sample.png in Resources */,
				FA1272C715ED3E6B006E98D5 /* detailCustomCell.xib in Resources */,
				FA1272CD15ED431B006E98D5 /* iTCARView.xib in Resources */,
				FA1272D215ED43FB006E98D5 /* iTCUploadView.xib in Resources */,
			);
			runOnlyForDeploymentPostprocessing = 0;
		};
/* End PBXResourcesBuildPhase section */

/* Begin PBXSourcesBuildPhase section */
		FA12727B15ED2F89006E98D5 /* Sources */ = {
			isa = PBXSourcesBuildPhase;
			buildActionMask = 2147483647;
			files = (
				FA12729015ED2F8A006E98D5 /* main.m in Sources */,
				FA12729415ED2F8A006E98D5 /* iTCAppDelegate.m in Sources */,
				FA12729715ED2F8A006E98D5 /* iTCMasterViewController.m in Sources */,
				FA12729A15ED2F8A006E98D5 /* iTCDetailViewController.m in Sources */,
				FA1272AA15ED3030006E98D5 /* iTCHomeVC.m in Sources */,
				FA1272B315ED337F006E98D5 /* iTCGetStared.m in Sources */,
				FA1272B915ED34FC006E98D5 /* iTCsearchVC.m in Sources */,
				FA1272C215ED3C03006E98D5 /* iTCDetailView.m in Sources */,
				FA1272CC15ED431B006E98D5 /* iTCARView.m in Sources */,
				FA1272D115ED43FB006E98D5 /* iTCUploadView.m in Sources */,
			);
			runOnlyForDeploymentPostprocessing = 0;
		};
/* End PBXSourcesBuildPhase section */

/* Begin PBXVariantGroup section */
		FA12728C15ED2F8A006E98D5 /* InfoPlist.strings */ = {
			isa = PBXVariantGroup;
			children = (
				FA12728D15ED2F8A006E98D5 /* en */,
			);
			name = InfoPlist.strings;
			sourceTree = "<group>";
		};
		FA12729B15ED2F8A006E98D5 /* iTCMasterViewController.xib */ = {
			isa = PBXVariantGroup;
			children = (
				FA12729C15ED2F8A006E98D5 /* en */,
			);
			name = iTCMasterViewController.xib;
			sourceTree = "<group>";
		};
		FA12729E15ED2F8A006E98D5 /* iTCDetailViewController.xib */ = {
			isa = PBXVariantGroup;
			children = (
				FA12729F15ED2F8A006E98D5 /* en */,
			);
			name = iTCDetailViewController.xib;
			sourceTree = "<group>";
		};
/* End PBXVariantGroup section */

/* Begin XCBuildConfiguration section */
		FA1272A115ED2F8A006E98D5 /* Debug */ = {
			isa = XCBuildConfiguration;
			buildSettings = {
				ALWAYS_SEARCH_USER_PATHS = NO;
				ARCHS = "$(ARCHS_STANDARD_32_BIT)";
				CLANG_ENABLE_OBJC_ARC = YES;
				"CODE_SIGN_IDENTITY[sdk=iphoneos*]" = "iPhone Developer";
				COPY_PHASE_STRIP = NO;
				GCC_C_LANGUAGE_STANDARD = gnu99;
				GCC_DYNAMIC_NO_PIC = NO;
				GCC_OPTIMIZATION_LEVEL = 0;
				GCC_PREPROCESSOR_DEFINITIONS = (
					"DEBUG=1",
					"$(inherited)",
				);
				GCC_SYMBOLS_PRIVATE_EXTERN = NO;
				GCC_VERSION = com.apple.compilers.llvm.clang.1_0;
				GCC_WARN_ABOUT_RETURN_TYPE = YES;
				GCC_WARN_UNINITIALIZED_AUTOS = YES;
				GCC_WARN_UNUSED_VARIABLE = YES;
				IPHONEOS_DEPLOYMENT_TARGET = 5.1;
				SDKROOT = iphoneos;
			};
			name = Debug;
		};
		FA1272A215ED2F8A006E98D5 /* Release */ = {
			isa = XCBuildConfiguration;
			buildSettings = {
				ALWAYS_SEARCH_USER_PATHS = NO;
				ARCHS = "$(ARCHS_STANDARD_32_BIT)";
				CLANG_ENABLE_OBJC_ARC = YES;
				"CODE_SIGN_IDENTITY[sdk=iphoneos*]" = "iPhone Developer";
				COPY_PHASE_STRIP = YES;
				GCC_C_LANGUAGE_STANDARD = gnu99;
				GCC_VERSION = com.apple.compilers.llvm.clang.1_0;
				GCC_WARN_ABOUT_RETURN_TYPE = YES;
				GCC_WARN_UNINITIALIZED_AUTOS = YES;
				GCC_WARN_UNUSED_VARIABLE = YES;
				IPHONEOS_DEPLOYMENT_TARGET = 5.1;
				OTHER_CFLAGS = "-DNS_BLOCK_ASSERTIONS=1";
				SDKROOT = iphoneos;
				VALIDATE_PRODUCT = YES;
			};
			name = Release;
		};
		FA1272A415ED2F8A006E98D5 /* Debug */ = {
			isa = XCBuildConfiguration;
			buildSettings = {
				GCC_PRECOMPILE_PREFIX_HEADER = YES;
				GCC_PREFIX_HEADER = "FingAR/FingAR-Prefix.pch";
				INFOPLIST_FILE = "FingAR/FingAR-Info.plist";
				PRODUCT_NAME = "$(TARGET_NAME)";
				WRAPPER_EXTENSION = app;
			};
			name = Debug;
		};
		FA1272A515ED2F8A006E98D5 /* Release */ = {
			isa = XCBuildConfiguration;
			buildSettings = {
				GCC_PRECOMPILE_PREFIX_HEADER = YES;
				GCC_PREFIX_HEADER = "FingAR/FingAR-Prefix.pch";
				INFOPLIST_FILE = "FingAR/FingAR-Info.plist";
				PRODUCT_NAME = "$(TARGET_NAME)";
				WRAPPER_EXTENSION = app;
			};
			name = Release;
		};
/* End XCBuildConfiguration section */

/* Begin XCConfigurationList section */
		FA12727915ED2F89006E98D5 /* Build configuration list for PBXProject "FingAR" */ = {
			isa = XCConfigurationList;
			buildConfigurations = (
				FA1272A115ED2F8A006E98D5 /* Debug */,
				FA1272A215ED2F8A006E98D5 /* Release */,
			);
			defaultConfigurationIsVisible = 0;
			defaultConfigurationName = Release;
		};
		FA1272A315ED2F8A006E98D5 /* Build configuration list for PBXNativeTarget "FingAR" */ = {
			isa = XCConfigurationList;
			buildConfigurations = (
				FA1272A415ED2F8A006E98D5 /* Debug */,
				FA1272A515ED2F8A006E98D5 /* Release */,
			);
			defaultConfigurationIsVisible = 0;
			defaultConfigurationName = Release;
		};
/* End XCConfigurationList section */
	};
	rootObject = FA12727615ED2F89006E98D5 /* Project object */;
}
